
Microsoft Visual Studio Solution File, Format Version 12.00
# Visual Studio Version 17
VisualStudioVersion = 17.8.34330.188
MinimumVisualStudioVersion = 10.0.40219.1
Project("{FAE04EC0-301F-11D3-BF4B-00C04F79EFBC}") = "ClearTime", "ClearTime\ClearTime.csproj", "{B48545E8-723A-45F2-91AD-896A098F6C53}"
EndProject
Global
	GlobalSection(SolutionConfigurationPlatforms) = preSolution
		Debug|Any CPU = Debug|Any CPU
		Release|Any CPU = Release|Any CPU
	EndGlobalSection
	GlobalSection(ProjectConfigurationPlatforms) = postSolution
		{B48545E8-723A-45F2-91AD-896A098F6C53}.Debug|Any CPU.ActiveCfg = Debug|Any CPU
		{B48545E8-723A-45F2-91AD-896A098F6C53}.Debug|Any CPU.Build.0 = Debug|Any CPU
		{B48545E8-723A-45F2-91AD-896A098F6C53}.Release|Any CPU.ActiveCfg = Release|Any CPU
		{B48545E8-723A-45F2-91AD-896A098F6C53}.Release|Any CPU.Build.0 = Release|Any CPU
	EndGlobalSection
	GlobalSection(SolutionProperties) = preSolution
		HideSolutionNode = FALSE
	EndGlobalSection
	GlobalSection(ExtensibilityGlobals) = postSolution
		SolutionGuid = {EC009AC3-023F-4889-BE08-2FB819FC2B46}
	EndGlobalSection
EndGlobal
